// !$*UTF8*$!
{
	archiveVersion = 1;
	classes = {
	};
	objectVersion = 56;
	objects = {

/* Begin PBXBuildFile section */
		0998A6C12BE38C7F00574F4B /* ThemeModifier.swift in Sources */ = {isa = PBXBuildFile; fileRef = 0998A6C02BE38C7F00574F4B /* ThemeModifier.swift */; };
		0998A6C52BE396F800574F4B /* MessageDetail.swift in Sources */ = {isa = PBXBuildFile; fileRef = 0998A6C42BE396F800574F4B /* MessageDetail.swift */; };
		09AD56052BE2E0C500D5B976 /* ChatieAIApp.swift in Sources */ = {isa = PBXBuildFile; fileRef = 09AD56042BE2E0C500D5B976 /* ChatieAIApp.swift */; };
		09AD56072BE2E0C500D5B976 /* ContentView.swift in Sources */ = {isa = PBXBuildFile; fileRef = 09AD56062BE2E0C500D5B976 /* ContentView.swift */; };
		09AD56092BE2E0C600D5B976 /* Assets.xcassets in Resources */ = {isa = PBXBuildFile; fileRef = 09AD56082BE2E0C600D5B976 /* Assets.xcassets */; };
		09AD560C2BE2E0C600D5B976 /* Preview Assets.xcassets in Resources */ = {isa = PBXBuildFile; fileRef = 09AD560B2BE2E0C600D5B976 /* Preview Assets.xcassets */; };
		09AD56142BE2E0FB00D5B976 /* GoogleGenerativeAI in Frameworks */ = {isa = PBXBuildFile; productRef = 09AD56132BE2E0FB00D5B976 /* GoogleGenerativeAI */; };
		09AD561A2BE2E17200D5B976 /* ChatMessages.swift in Sources */ = {isa = PBXBuildFile; fileRef = 09AD56192BE2E17200D5B976 /* ChatMessages.swift */; };
/* End PBXBuildFile section */

/* Begin PBXFileReference section */
		0998A6C02BE38C7F00574F4B /* ThemeModifier.swift */ = {isa = PBXFileReference; lastKnownFileType = sourcecode.swift; path = ThemeModifier.swift; sourceTree = "<group>"; };
		0998A6C42BE396F800574F4B /* MessageDetail.swift */ = {isa = PBXFileReference; lastKnownFileType = sourcecode.swift; path = MessageDetail.swift; sourceTree = "<group>"; };
		09AD56012BE2E0C500D5B976 /* ChatieAI.app */ = {isa = PBXFileReference; explicitFileType = wrapper.application; includeInIndex = 0; path = ChatieAI.app; sourceTree = BUILT_PRODUCTS_DIR; };
		09AD56042BE2E0C500D5B976 /* ChatieAIApp.swift */ = {isa = PBXFileReference; lastKnownFileType = sourcecode.swift; path = ChatieAIApp.swift; sourceTree = "<group>"; };
		09AD56062BE2E0C500D5B976 /* ContentView.swift */ = {isa = PBXFileReference; lastKnownFileType = sourcecode.swift; path = ContentView.swift; sourceTree = "<group>"; };
		09AD56082BE2E0C600D5B976 /* Assets.xcassets */ = {isa = PBXFileReference; lastKnownFileType = folder.assetcatalog; path = Assets.xcassets; sourceTree = "<group>"; };
		09AD560B2BE2E0C600D5B976 /* Preview Assets.xcassets */ = {isa = PBXFileReference; lastKnownFileType = folder.assetcatalog; path = "Preview Assets.xcassets"; sourceTree = "<group>"; };
		09AD56192BE2E17200D5B976 /* ChatMessages.swift */ = {isa = PBXFileReference; lastKnownFileType = sourcecode.swift; path = ChatMessages.swift; sourceTree = "<group>"; };
		09AD561B2BE2E20E00D5B976 /* Info.plist */ = {isa = PBXFileReference; lastKnownFileType = text.plist; path = Info.plist; sourceTree = "<group>"; };
/* End PBXFileReference section */

/* Begin PBXFrameworksBuildPhase section */
		09AD55FE2BE2E0C500D5B976 /* Frameworks */ = {
			isa = PBXFrameworksBuildPhase;
			buildActionMask = 2147483647;
			files = (
				09AD56142BE2E0FB00D5B976 /* GoogleGenerativeAI in Frameworks */,
			);
			runOnlyForDeploymentPostprocessing = 0;
		};
/* End PBXFrameworksBuildPhase section */

/* Begin PBXGroup section */
		09AD55F82BE2E0C500D5B976 = {
			isa = PBXGroup;
			children = (
				09AD56032BE2E0C500D5B976 /* ChatieAI */,
				09AD56022BE2E0C500D5B976 /* Products */,
			);
			sourceTree = "<group>";
		};
		09AD56022BE2E0C500D5B976 /* Products */ = {
			isa = PBXGroup;
			children = (
				09AD56012BE2E0C500D5B976 /* ChatieAI.app */,
			);
			name = Products;
			sourceTree = "<group>";
		};
		09AD56032BE2E0C500D5B976 /* ChatieAI */ = {
			isa = PBXGroup;
			children = (
				09AD561B2BE2E20E00D5B976 /* Info.plist */,
				09AD56042BE2E0C500D5B976 /* ChatieAIApp.swift */,
				09AD56062BE2E0C500D5B976 /* ContentView.swift */,
				09AD56082BE2E0C600D5B976 /* Assets.xcassets */,
				09AD560A2BE2E0C600D5B976 /* Preview Content */,
				09AD56192BE2E17200D5B976 /* ChatMessages.swift */,
				0998A6C02BE38C7F00574F4B /* ThemeModifier.swift */,
				0998A6C42BE396F800574F4B /* MessageDetail.swift */,
			);
			path = ChatieAI;
			sourceTree = "<group>";
		};
		09AD560A2BE2E0C600D5B976 /* Preview Content */ = {
			isa = PBXGroup;
			children = (
				09AD560B2BE2E0C600D5B976 /* Preview Assets.xcassets */,
			);
			path = "Preview Content";
			sourceTree = "<group>";
		};
/* End PBXGroup section */

/* Begin PBXNativeTarget section */
		09AD56002BE2E0C500D5B976 /* ChatieAI */ = {
			isa = PBXNativeTarget;
			buildConfigurationList = 09AD560F2BE2E0C600D5B976 /* Build configuration list for PBXNativeTarget "ChatieAI" */;
			buildPhases = (
				09AD55FD2BE2E0C500D5B976 /* Sources */,
				09AD55FE2BE2E0C500D5B976 /* Frameworks */,
				09AD55FF2BE2E0C500D5B976 /* Resources */,
			);
			buildRules = (
			);
			dependencies = (
			);
			name = ChatieAI;
			packageProductDependencies = (
				09AD56132BE2E0FB00D5B976 /* GoogleGenerativeAI */,
			);
			productName = ChatieAI;
			productReference = 09AD56012BE2E0C500D5B976 /* ChatieAI.app */;
			productType = "com.apple.product-type.application";
		};
/* End PBXNativeTarget section */

/* Begin PBXProject section */
		09AD55F92BE2E0C500D5B976 /* Project object */ = {
			isa = PBXProject;
			attributes = {
				BuildIndependentTargetsInParallel = 1;
				LastSwiftUpdateCheck = 1530;
				LastUpgradeCheck = 1530;
				TargetAttributes = {
					09AD56002BE2E0C500D5B976 = {
						CreatedOnToolsVersion = 15.3;
					};
				};
			};
			buildConfigurationList = 09AD55FC2BE2E0C500D5B976 /* Build configuration list for PBXProject "ChatieAI" */;
			compatibilityVersion = "Xcode 14.0";
			developmentRegion = en;
			hasScannedForEncodings = 0;
			knownRegions = (
				en,
				Base,
			);
			mainGroup = 09AD55F82BE2E0C500D5B976;
			packageReferences = (
				09AD56122BE2E0FB00D5B976 /* XCRemoteSwiftPackageReference "generative-ai-swift" */,
			);
			productRefGroup = 09AD56022BE2E0C500D5B976 /* Products */;
			projectDirPath = "";
			projectRoot = "";
			targets = (
				09AD56002BE2E0C500D5B976 /* ChatieAI */,
			);
		};
/* End PBXProject section */

/* Begin PBXResourcesBuildPhase section */
		09AD55FF2BE2E0C500D5B976 /* Resources */ = {
			isa = PBXResourcesBuildPhase;
			buildActionMask = 2147483647;
			files = (
				09AD560C2BE2E0C600D5B976 /* Preview Assets.xcassets in Resources */,
				09AD56092BE2E0C600D5B976 /* Assets.xcassets in Resources */,
			);
			runOnlyForDeploymentPostprocessing = 0;
		};
/* End PBXResourcesBuildPhase section */

/* Begin PBXSourcesBuildPhase section */
		09AD55FD2BE2E0C500D5B976 /* Sources */ = {
			isa = PBXSourcesBuildPhase;
			buildActionMask = 2147483647;
			files = (
				09AD56072BE2E0C500D5B976 /* ContentView.swift in Sources */,
				09AD561A2BE2E17200D5B976 /* ChatMessages.swift in Sources */,
				09AD56052BE2E0C500D5B976 /* ChatieAIApp.swift in Sources */,
				0998A6C12BE38C7F00574F4B /* ThemeModifier.swift in Sources */,
				0998A6C52BE396F800574F4B /* MessageDetail.swift in Sources */,
			);
			runOnlyForDeploymentPostprocessing = 0;
		};
/* End PBXSourcesBuildPhase section */

/* Begin XCBuildConfiguration section */
		09AD560D2BE2E0C600D5B976 /* Debug */ = {
			isa = XCBuildConfiguration;
			buildSettings = {
				ALWAYS_SEARCH_USER_PATHS = NO;
				ASSETCATALOG_COMPILER_GENERATE_SWIFT_ASSET_SYMBOL_EXTENSIONS = YES;
				CLANG_ANALYZER_NONNULL = YES;
				CLANG_ANALYZER_NUMBER_OBJECT_CONVERSION = YES_AGGRESSIVE;
				CLANG_CXX_LANGUAGE_STANDARD = "gnu++20";
				CLANG_ENABLE_MODULES = YES;
				CLANG_ENABLE_OBJC_ARC = YES;
				CLANG_ENABLE_OBJC_WEAK = YES;
				CLANG_WARN_BLOCK_CAPTURE_AUTORELEASING = YES;
				CLANG_WARN_BOOL_CONVERSION = YES;
				CLANG_WARN_COMMA = YES;
				CLANG_WARN_CONSTANT_CONVERSION = YES;
				CLANG_WARN_DEPRECATED_OBJC_IMPLEMENTATIONS = YES;
				CLANG_WARN_DIRECT_OBJC_ISA_USAGE = YES_ERROR;
				CLANG_WARN_DOCUMENTATION_COMMENTS = YES;
				CLANG_WARN_EMPTY_BODY = YES;
				CLANG_WARN_ENUM_CONVERSION = YES;
				CLANG_WARN_INFINITE_RECURSION = YES;
				CLANG_WARN_INT_CONVERSION = YES;
				CLANG_WARN_NON_LITERAL_NULL_CONVERSION = YES;
				CLANG_WARN_OBJC_IMPLICIT_RETAIN_SELF = YES;
				CLANG_WARN_OBJC_LITERAL_CONVERSION = YES;
				CLANG_WARN_OBJC_ROOT_CLASS = YES_ERROR;
				CLANG_WARN_QUOTED_INCLUDE_IN_FRAMEWORK_HEADER = YES;
				CLANG_WARN_RANGE_LOOP_ANALYSIS = YES;
				CLANG_WARN_STRICT_PROTOTYPES = YES;
				CLANG_WARN_SUSPICIOUS_MOVE = YES;
				CLANG_WARN_UNGUARDED_AVAILABILITY = YES_AGGRESSIVE;
				CLANG_WARN_UNREACHABLE_CODE = YES;
				CLANG_WARN__DUPLICATE_METHOD_MATCH = YES;
				COPY_PHASE_STRIP = NO;
				DEBUG_INFORMATION_FORMAT = dwarf;
				ENABLE_STRICT_OBJC_MSGSEND = YES;
				ENABLE_TESTABILITY = YES;
				ENABLE_USER_SCRIPT_SANDBOXING = YES;
				GCC_C_LANGUAGE_STANDARD = gnu17;
				GCC_DYNAMIC_NO_PIC = NO;
				GCC_NO_COMMON_BLOCKS = YES;
				GCC_OPTIMIZATION_LEVEL = 0;
				GCC_PREPROCESSOR_DEFINITIONS = (
					"DEBUG=1",
					"$(inherited)",
				);
				GCC_WARN_64_TO_32_BIT_CONVERSION = YES;
				GCC_WARN_ABOUT_RETURN_TYPE = YES_ERROR;
				GCC_WARN_UNDECLARED_SELECTOR = YES;
				GCC_WARN_UNINITIALIZED_AUTOS = YES_AGGRESSIVE;
				GCC_WARN_UNUSED_FUNCTION = YES;
				GCC_WARN_UNUSED_VARIABLE = YES;
				IPHONEOS_DEPLOYMENT_TARGET = 17.4;
				LOCALIZATION_PREFERS_STRING_CATALOGS = YES;
				MTL_ENABLE_DEBUG_INFO = INCLUDE_SOURCE;
				MTL_FAST_MATH = YES;
				ONLY_ACTIVE_ARCH = YES;
				SDKROOT = iphoneos;
				SWIFT_ACTIVE_COMPILATION_CONDITIONS = "DEBUG $(inherited)";
				SWIFT_OPTIMIZATION_LEVEL = "-Onone";
			};
			name = Debug;
		};
		09AD560E2BE2E0C600D5B976 /* Release */ = {
			isa = XCBuildConfiguration;
			buildSettings = {
				ALWAYS_SEARCH_USER_PATHS = NO;
				ASSETCATALOG_COMPILER_GENERATE_SWIFT_ASSET_SYMBOL_EXTENSIONS = YES;
				CLANG_ANALYZER_NONNULL = YES;
				CLANG_ANALYZER_NUMBER_OBJECT_CONVERSION = YES_AGGRESSIVE;
				CLANG_CXX_LANGUAGE_STANDARD = "gnu++20";
				CLANG_ENABLE_MODULES = YES;
				CLANG_ENABLE_OBJC_ARC = YES;
				CLANG_ENABLE_OBJC_WEAK = YES;
				CLANG_WARN_BLOCK_CAPTURE_AUTORELEASING = YES;
				CLANG_WARN_BOOL_CONVERSION = YES;
				CLANG_WARN_COMMA = YES;
				CLANG_WARN_CONSTANT_CONVERSION = YES;
				CLANG_WARN_DEPRECATED_OBJC_IMPLEMENTATIONS = YES;
				CLANG_WARN_DIRECT_OBJC_ISA_USAGE = YES_ERROR;
				CLANG_WARN_DOCUMENTATION_COMMENTS = YES;
				CLANG_WARN_EMPTY_BODY = YES;
				CLANG_WARN_ENUM_CONVERSION = YES;
				CLANG_WARN_INFINITE_RECURSION = YES;
				CLANG_WARN_INT_CONVERSION = YES;
				CLANG_WARN_NON_LITERAL_NULL_CONVERSION = YES;
				CLANG_WARN_OBJC_IMPLICIT_RETAIN_SELF = YES;
				CLANG_WARN_OBJC_LITERAL_CONVERSION = YES;
				CLANG_WARN_OBJC_ROOT_CLASS = YES_ERROR;
				CLANG_WARN_QUOTED_INCLUDE_IN_FRAMEWORK_HEADER = YES;
				CLANG_WARN_RANGE_LOOP_ANALYSIS = YES;
				CLANG_WARN_STRICT_PROTOTYPES = YES;
				CLANG_WARN_SUSPICIOUS_MOVE = YES;
				CLANG_WARN_UNGUARDED_AVAILABILITY = YES_AGGRESSIVE;
				CLANG_WARN_UNREACHABLE_CODE = YES;
				CLANG_WARN__DUPLICATE_METHOD_MATCH = YES;
				COPY_PHASE_STRIP = NO;
				DEBUG_INFORMATION_FORMAT = "dwarf-with-dsym";
				ENABLE_NS_ASSERTIONS = NO;
				ENABLE_STRICT_OBJC_MSGSEND = YES;
				ENABLE_USER_SCRIPT_SANDBOXING = YES;
				GCC_C_LANGUAGE_STANDARD = gnu17;
				GCC_NO_COMMON_BLOCKS = YES;
				GCC_WARN_64_TO_32_BIT_CONVERSION = YES;
				GCC_WARN_ABOUT_RETURN_TYPE = YES_ERROR;
				GCC_WARN_UNDECLARED_SELECTOR = YES;
				GCC_WARN_UNINITIALIZED_AUTOS = YES_AGGRESSIVE;
				GCC_WARN_UNUSED_FUNCTION = YES;
				GCC_WARN_UNUSED_VARIABLE = YES;
				IPHONEOS_DEPLOYMENT_TARGET = 17.4;
				LOCALIZATION_PREFERS_STRING_CATALOGS = YES;
				MTL_ENABLE_DEBUG_INFO = NO;
				MTL_FAST_MATH = YES;
				SDKROOT = iphoneos;
				SWIFT_COMPILATION_MODE = wholemodule;
				VALIDATE_PRODUCT = YES;
			};
			name = Release;
		};
		09AD56102BE2E0C600D5B976 /* Debug */ = {
			isa = XCBuildConfiguration;
			buildSettings = {
				ASSETCATALOG_COMPILER_APPICON_NAME = AppIcon;
				ASSETCATALOG_COMPILER_GLOBAL_ACCENT_COLOR_NAME = AccentColor;
				CODE_SIGN_STYLE = Automatic;
				CURRENT_PROJECT_VERSION = 1;
				DEVELOPMENT_ASSET_PATHS = "\"ChatieAI/Preview Content\"";
				DEVELOPMENT_TEAM = D459R6RZK9;
				ENABLE_PREVIEWS = YES;
				GENERATE_INFOPLIST_FILE = YES;
				INFOPLIST_FILE = ChatieAI/Info.plist;
				INFOPLIST_KEY_UIApplicationSceneManifest_Generation = YES;
				INFOPLIST_KEY_UIApplicationSupportsIndirectInputEvents = YES;
				INFOPLIST_KEY_UILaunchScreen_Generation = YES;
				INFOPLIST_KEY_UISupportedInterfaceOrientations_iPad = "UIInterfaceOrientationPortrait UIInterfaceOrientationPortraitUpsideDown UIInterfaceOrientationLandscapeLeft UIInterfaceOrientationLandscapeRight";
				INFOPLIST_KEY_UISupportedInterfaceOrientations_iPhone = "UIInterfaceOrientationPortrait UIInterfaceOrientationLandscapeLeft UIInterfaceOrientationLandscapeRight";
				LD_RUNPATH_SEARCH_PATHS = (
					"$(inherited)",
					"@executable_path/Frameworks",
				);
				MARKETING_VERSION = 1.0;
				PRODUCT_BUNDLE_IDENTIFIER = com.boragundogu.ChatieAI;
				PRODUCT_NAME = "$(TARGET_NAME)";
				SWIFT_EMIT_LOC_STRINGS = YES;
				SWIFT_VERSION = 5.0;
				TARGETED_DEVICE_FAMILY = "1,2";
			};
			name = Debug;
		};
		09AD56112BE2E0C600D5B976 /* Release */ = {
			isa = XCBuildConfiguration;
			buildSettings = {
				ASSETCATALOG_COMPILER_APPICON_NAME = AppIcon;
				ASSETCATALOG_COMPILER_GLOBAL_ACCENT_COLOR_NAME = AccentColor;
				CODE_SIGN_STYLE = Automatic;
				CURRENT_PROJECT_VERSION = 1;
				DEVELOPMENT_ASSET_PATHS = "\"ChatieAI/Preview Content\"";
				DEVELOPMENT_TEAM = D459R6RZK9;
				ENABLE_PREVIEWS = YES;
				GENERATE_INFOPLIST_FILE = YES;
				INFOPLIST_FILE = ChatieAI/Info.plist;
				INFOPLIST_KEY_UIApplicationSceneManifest_Generation = YES;
				INFOPLIST_KEY_UIApplicationSupportsIndirectInputEvents = YES;
				INFOPLIST_KEY_UILaunchScreen_Generation = YES;
				INFOPLIST_KEY_UISupportedInterfaceOrientations_iPad = "UIInterfaceOrientationPortrait UIInterfaceOrientationPortraitUpsideDown UIInterfaceOrientationLandscapeLeft UIInterfaceOrientationLandscapeRight";
				INFOPLIST_KEY_UISupportedInterfaceOrientations_iPhone = "UIInterfaceOrientationPortrait UIInterfaceOrientationLandscapeLeft UIInterfaceOrientationLandscapeRight";
				LD_RUNPATH_SEARCH_PATHS = (
					"$(inherited)",
					"@executable_path/Frameworks",
				);
				MARKETING_VERSION = 1.0;
				PRODUCT_BUNDLE_IDENTIFIER = com.boragundogu.ChatieAI;
				PRODUCT_NAME = "$(TARGET_NAME)";
				SWIFT_EMIT_LOC_STRINGS = YES;
				SWIFT_VERSION = 5.0;
				TARGETED_DEVICE_FAMILY = "1,2";
			};
			name = Release;
		};
/* End XCBuildConfiguration section */

/* Begin XCConfigurationList section */
		09AD55FC2BE2E0C500D5B976 /* Build configuration list for PBXProject "ChatieAI" */ = {
			isa = XCConfigurationList;
			buildConfigurations = (
				09AD560D2BE2E0C600D5B976 /* Debug */,
				09AD560E2BE2E0C600D5B976 /* Release */,
			);
			defaultConfigurationIsVisible = 0;
			defaultConfigurationName = Release;
		};
		09AD560F2BE2E0C600D5B976 /* Build configuration list for PBXNativeTarget "ChatieAI" */ = {
			isa = XCConfigurationList;
			buildConfigurations = (
				09AD56102BE2E0C600D5B976 /* Debug */,
				09AD56112BE2E0C600D5B976 /* Release */,
			);
			defaultConfigurationIsVisible = 0;
			defaultConfigurationName = Release;
		};
/* End XCConfigurationList section */

/* Begin XCRemoteSwiftPackageReference section */
		09AD56122BE2E0FB00D5B976 /* XCRemoteSwiftPackageReference "generative-ai-swift" */ = {
			isa = XCRemoteSwiftPackageReference;
			repositoryURL = "https://github.com/google/generative-ai-swift";
			requirement = {
				kind = upToNextMajorVersion;
				minimumVersion = 0.5.1;
			};
		};
/* End XCRemoteSwiftPackageReference section */

/* Begin XCSwiftPackageProductDependency section */
		09AD56132BE2E0FB00D5B976 /* GoogleGenerativeAI */ = {
			isa = XCSwiftPackageProductDependency;
			package = 09AD56122BE2E0FB00D5B976 /* XCRemoteSwiftPackageReference "generative-ai-swift" */;
			productName = GoogleGenerativeAI;
		};
/* End XCSwiftPackageProductDependency section */
	};
	rootObject = 09AD55F92BE2E0C500D5B976 /* Project object */;
}
